
Microsoft Visual Studio Solution File, Format Version 12.00
# Visual Studio Version 16
VisualStudioVersion = 16.0.29102.190
MinimumVisualStudioVersion = 10.0.40219.1
Project("{FAE04EC0-301F-11D3-BF4B-00C04F79EFBC}") = "TesteInterface", "TesteInterface\TesteInterface.csproj", "{6A427D4E-CD70-4B00-BF4E-C6AADC24436B}"
EndProject
Global
	GlobalSection(SolutionConfigurationPlatforms) = preSolution
		Debug|Any CPU = Debug|Any CPU
		Release|Any CPU = Release|Any CPU
	EndGlobalSection
	GlobalSection(ProjectConfigurationPlatforms) = postSolution
		{6A427D4E-CD70-4B00-BF4E-C6AADC24436B}.Debug|Any CPU.ActiveCfg = Debug|Any CPU
		{6A427D4E-CD70-4B00-BF4E-C6AADC24436B}.Debug|Any CPU.Build.0 = Debug|Any CPU
		{6A427D4E-CD70-4B00-BF4E-C6AADC24436B}.Release|Any CPU.ActiveCfg = Release|Any CPU
		{6A427D4E-CD70-4B00-BF4E-C6AADC24436B}.Release|Any CPU.Build.0 = Release|Any CPU
	EndGlobalSection
	GlobalSection(SolutionProperties) = preSolution
		HideSolutionNode = FALSE
	EndGlobalSection
	GlobalSection(ExtensibilityGlobals) = postSolution
		SolutionGuid = {2BC6FDD8-8495-4627-B50C-0EB22C1D52E5}
	EndGlobalSection
EndGlobal
